
Microsoft Visual Studio Solution File, Format Version 12.00
# Visual Studio Version 16
VisualStudioVersion = 16.0.30309.148
MinimumVisualStudioVersion = 10.0.40219.1
Project("{FAE04EC0-301F-11D3-BF4B-00C04F79EFBC}") = "DB", "DB\DB.csproj", "{C7459200-5B3C-449A-8983-C56DC9CAA7FE}"
EndProject
Global
	GlobalSection(SolutionConfigurationPlatforms) = preSolution
		Debug|Any CPU = Debug|Any CPU
		Release|Any CPU = Release|Any CPU
	EndGlobalSection
	GlobalSection(ProjectConfigurationPlatforms) = postSolution
		{C7459200-5B3C-449A-8983-C56DC9CAA7FE}.Debug|Any CPU.ActiveCfg = Debug|Any CPU
		{C7459200-5B3C-449A-8983-C56DC9CAA7FE}.Debug|Any CPU.Build.0 = Debug|Any CPU
		{C7459200-5B3C-449A-8983-C56DC9CAA7FE}.Release|Any CPU.ActiveCfg = Release|Any CPU
		{C7459200-5B3C-449A-8983-C56DC9CAA7FE}.Release|Any CPU.Build.0 = Release|Any CPU
	EndGlobalSection
	GlobalSection(SolutionProperties) = preSolution
		HideSolutionNode = FALSE
	EndGlobalSection
	GlobalSection(ExtensibilityGlobals) = postSolution
		SolutionGuid = {939649D4-43B4-4A76-B565-31A46F7B7AC6}
	EndGlobalSection
EndGlobal
